
Microsoft Visual Studio Solution File, Format Version 12.00
# Visual Studio Version 17
VisualStudioVersion = 17.5.33516.290
MinimumVisualStudioVersion = 10.0.40219.1
Project("{FAE04EC0-301F-11D3-BF4B-00C04F79EFBC}") = "firstdotseven", "firstdotseven\firstdotseven.csproj", "{F1B842E5-D23A-4FAF-B096-0374D7680BC6}"
EndProject
Global
	GlobalSection(SolutionConfigurationPlatforms) = preSolution
		Debug|Any CPU = Debug|Any CPU
		Release|Any CPU = Release|Any CPU
	EndGlobalSection
	GlobalSection(ProjectConfigurationPlatforms) = postSolution
		{F1B842E5-D23A-4FAF-B096-0374D7680BC6}.Debug|Any CPU.ActiveCfg = Debug|Any CPU
		{F1B842E5-D23A-4FAF-B096-0374D7680BC6}.Debug|Any CPU.Build.0 = Debug|Any CPU
		{F1B842E5-D23A-4FAF-B096-0374D7680BC6}.Release|Any CPU.ActiveCfg = Release|Any CPU
		{F1B842E5-D23A-4FAF-B096-0374D7680BC6}.Release|Any CPU.Build.0 = Release|Any CPU
	EndGlobalSection
	GlobalSection(SolutionProperties) = preSolution
		HideSolutionNode = FALSE
	EndGlobalSection
	GlobalSection(ExtensibilityGlobals) = postSolution
		SolutionGuid = {FF0A33B2-8B4B-4D84-A2E0-33E58AA4D0D0}
	EndGlobalSection
EndGlobal
